// !$*UTF8*$!
{
	archiveVersion = 1;
	classes = {
	};
	objectVersion = 55;
	objects = {

/* Begin PBXBuildFile section */
		26164C7726DC1417007B6A9B /* AppDelegate.swift in Sources */ = {isa = PBXBuildFile; fileRef = 26164C7626DC1417007B6A9B /* AppDelegate.swift */; };
		26164C7926DC1417007B6A9B /* SceneDelegate.swift in Sources */ = {isa = PBXBuildFile; fileRef = 26164C7826DC1417007B6A9B /* SceneDelegate.swift */; };
		26164C7B26DC1417007B6A9B /* ViewController.swift in Sources */ = {isa = PBXBuildFile; fileRef = 26164C7A26DC1417007B6A9B /* ViewController.swift */; };
		26164C7E26DC1417007B6A9B /* Main.storyboard in Resources */ = {isa = PBXBuildFile; fileRef = 26164C7C26DC1417007B6A9B /* Main.storyboard */; };
		26164C8026DC141A007B6A9B /* Assets.xcassets in Resources */ = {isa = PBXBuildFile; fileRef = 26164C7F26DC141A007B6A9B /* Assets.xcassets */; };
		26164C8326DC141A007B6A9B /* LaunchScreen.storyboard in Resources */ = {isa = PBXBuildFile; fileRef = 26164C8126DC141A007B6A9B /* LaunchScreen.storyboard */; };
		26164C8C26DC1459007B6A9B /* BinaryTree.swift in Sources */ = {isa = PBXBuildFile; fileRef = 26164C8B26DC1459007B6A9B /* BinaryTree.swift */; };
		26164C8E26DC1A50007B6A9B /* Binary Search Tree.swift in Sources */ = {isa = PBXBuildFile; fileRef = 26164C8D26DC1A50007B6A9B /* Binary Search Tree.swift */; };
		26BFAA0426E6A76C00372193 /* AVLTree.swift in Sources */ = {isa = PBXBuildFile; fileRef = 26BFAA0326E6A76C00372193 /* AVLTree.swift */; };
/* End PBXBuildFile section */

/* Begin PBXFileReference section */
		26164C7326DC1417007B6A9B /* Data Structures.app */ = {isa = PBXFileReference; explicitFileType = wrapper.application; includeInIndex = 0; path = "Data Structures.app"; sourceTree = BUILT_PRODUCTS_DIR; };
		26164C7626DC1417007B6A9B /* AppDelegate.swift */ = {isa = PBXFileReference; lastKnownFileType = sourcecode.swift; path = AppDelegate.swift; sourceTree = "<group>"; };
		26164C7826DC1417007B6A9B /* SceneDelegate.swift */ = {isa = PBXFileReference; lastKnownFileType = sourcecode.swift; path = SceneDelegate.swift; sourceTree = "<group>"; };
		26164C7A26DC1417007B6A9B /* ViewController.swift */ = {isa = PBXFileReference; lastKnownFileType = sourcecode.swift; path = ViewController.swift; sourceTree = "<group>"; };
		26164C7D26DC1417007B6A9B /* Base */ = {isa = PBXFileReference; lastKnownFileType = file.storyboard; name = Base; path = Base.lproj/Main.storyboard; sourceTree = "<group>"; };
		26164C7F26DC141A007B6A9B /* Assets.xcassets */ = {isa = PBXFileReference; lastKnownFileType = folder.assetcatalog; path = Assets.xcassets; sourceTree = "<group>"; };
		26164C8226DC141A007B6A9B /* Base */ = {isa = PBXFileReference; lastKnownFileType = file.storyboard; name = Base; path = Base.lproj/LaunchScreen.storyboard; sourceTree = "<group>"; };
		26164C8426DC141A007B6A9B /* Info.plist */ = {isa = PBXFileReference; lastKnownFileType = text.plist.xml; path = Info.plist; sourceTree = "<group>"; };
		26164C8B26DC1459007B6A9B /* BinaryTree.swift */ = {isa = PBXFileReference; lastKnownFileType = sourcecode.swift; path = BinaryTree.swift; sourceTree = "<group>"; };
		26164C8D26DC1A50007B6A9B /* Binary Search Tree.swift */ = {isa = PBXFileReference; lastKnownFileType = sourcecode.swift; path = "Binary Search Tree.swift"; sourceTree = "<group>"; };
		26BFAA0326E6A76C00372193 /* AVLTree.swift */ = {isa = PBXFileReference; lastKnownFileType = sourcecode.swift; path = AVLTree.swift; sourceTree = "<group>"; };
/* End PBXFileReference section */

/* Begin PBXFrameworksBuildPhase section */
		26164C7026DC1417007B6A9B /* Frameworks */ = {
			isa = PBXFrameworksBuildPhase;
			buildActionMask = 2147483647;
			files = (
			);
			runOnlyForDeploymentPostprocessing = 0;
		};
/* End PBXFrameworksBuildPhase section */

/* Begin PBXGroup section */
		26164C6A26DC1417007B6A9B = {
			isa = PBXGroup;
			children = (
				26164C7526DC1417007B6A9B /* Data Structures */,
				26164C7426DC1417007B6A9B /* Products */,
			);
			sourceTree = "<group>";
		};
		26164C7426DC1417007B6A9B /* Products */ = {
			isa = PBXGroup;
			children = (
				26164C7326DC1417007B6A9B /* Data Structures.app */,
			);
			name = Products;
			sourceTree = "<group>";
		};
		26164C7526DC1417007B6A9B /* Data Structures */ = {
			isa = PBXGroup;
			children = (
				26164C8A26DC1440007B6A9B /* Trees */,
				26164C7626DC1417007B6A9B /* AppDelegate.swift */,
				26164C7826DC1417007B6A9B /* SceneDelegate.swift */,
				26164C7A26DC1417007B6A9B /* ViewController.swift */,
				26164C7C26DC1417007B6A9B /* Main.storyboard */,
				26164C7F26DC141A007B6A9B /* Assets.xcassets */,
				26164C8126DC141A007B6A9B /* LaunchScreen.storyboard */,
				26164C8426DC141A007B6A9B /* Info.plist */,
			);
			path = "Data Structures";
			sourceTree = "<group>";
		};
		26164C8A26DC1440007B6A9B /* Trees */ = {
			isa = PBXGroup;
			children = (
				26164C8B26DC1459007B6A9B /* BinaryTree.swift */,
				26164C8D26DC1A50007B6A9B /* Binary Search Tree.swift */,
				26BFAA0326E6A76C00372193 /* AVLTree.swift */,
			);
			path = Trees;
			sourceTree = "<group>";
		};
/* End PBXGroup section */

/* Begin PBXNativeTarget section */
		26164C7226DC1417007B6A9B /* Data Structures */ = {
			isa = PBXNativeTarget;
			buildConfigurationList = 26164C8726DC141A007B6A9B /* Build configuration list for PBXNativeTarget "Data Structures" */;
			buildPhases = (
				26164C6F26DC1417007B6A9B /* Sources */,
				26164C7026DC1417007B6A9B /* Frameworks */,
				26164C7126DC1417007B6A9B /* Resources */,
			);
			buildRules = (
			);
			dependencies = (
			);
			name = "Data Structures";
			productName = "Data Structures";
			productReference = 26164C7326DC1417007B6A9B /* Data Structures.app */;
			productType = "com.apple.product-type.application";
		};
/* End PBXNativeTarget section */

/* Begin PBXProject section */
		26164C6B26DC1417007B6A9B /* Project object */ = {
			isa = PBXProject;
			attributes = {
				BuildIndependentTargetsInParallel = 1;
				LastSwiftUpdateCheck = 1300;
				LastUpgradeCheck = 1300;
				TargetAttributes = {
					26164C7226DC1417007B6A9B = {
						CreatedOnToolsVersion = 13.0;
					};
				};
			};
			buildConfigurationList = 26164C6E26DC1417007B6A9B /* Build configuration list for PBXProject "Data Structures" */;
			compatibilityVersion = "Xcode 13.0";
			developmentRegion = en;
			hasScannedForEncodings = 0;
			knownRegions = (
				en,
				Base,
			);
			mainGroup = 26164C6A26DC1417007B6A9B;
			productRefGroup = 26164C7426DC1417007B6A9B /* Products */;
			projectDirPath = "";
			projectRoot = "";
			targets = (
				26164C7226DC1417007B6A9B /* Data Structures */,
			);
		};
/* End PBXProject section */

/* Begin PBXResourcesBuildPhase section */
		26164C7126DC1417007B6A9B /* Resources */ = {
			isa = PBXResourcesBuildPhase;
			buildActionMask = 2147483647;
			files = (
				26164C8326DC141A007B6A9B /* LaunchScreen.storyboard in Resources */,
				26164C8026DC141A007B6A9B /* Assets.xcassets in Resources */,
				26164C7E26DC1417007B6A9B /* Main.storyboard in Resources */,
			);
			runOnlyForDeploymentPostprocessing = 0;
		};
/* End PBXResourcesBuildPhase section */

/* Begin PBXSourcesBuildPhase section */
		26164C6F26DC1417007B6A9B /* Sources */ = {
			isa = PBXSourcesBuildPhase;
			buildActionMask = 2147483647;
			files = (
				26164C8C26DC1459007B6A9B /* BinaryTree.swift in Sources */,
				26164C8E26DC1A50007B6A9B /* Binary Search Tree.swift in Sources */,
				26164C7B26DC1417007B6A9B /* ViewController.swift in Sources */,
				26BFAA0426E6A76C00372193 /* AVLTree.swift in Sources */,
				26164C7726DC1417007B6A9B /* AppDelegate.swift in Sources */,
				26164C7926DC1417007B6A9B /* SceneDelegate.swift in Sources */,
			);
			runOnlyForDeploymentPostprocessing = 0;
		};
/* End PBXSourcesBuildPhase section */

/* Begin PBXVariantGroup section */
		26164C7C26DC1417007B6A9B /* Main.storyboard */ = {
			isa = PBXVariantGroup;
			children = (
				26164C7D26DC1417007B6A9B /* Base */,
			);
			name = Main.storyboard;
			sourceTree = "<group>";
		};
		26164C8126DC141A007B6A9B /* LaunchScreen.storyboard */ = {
			isa = PBXVariantGroup;
			children = (
				26164C8226DC141A007B6A9B /* Base */,
			);
			name = LaunchScreen.storyboard;
			sourceTree = "<group>";
		};
/* End PBXVariantGroup section */

/* Begin XCBuildConfiguration section */
		26164C8526DC141A007B6A9B /* Debug */ = {
			isa = XCBuildConfiguration;
			buildSettings = {
				ALWAYS_SEARCH_USER_PATHS = NO;
				CLANG_ANALYZER_NONNULL = YES;
				CLANG_ANALYZER_NUMBER_OBJECT_CONVERSION = YES_AGGRESSIVE;
				CLANG_CXX_LANGUAGE_STANDARD = "gnu++17";
				CLANG_CXX_LIBRARY = "libc++";
				CLANG_ENABLE_MODULES = YES;
				CLANG_ENABLE_OBJC_ARC = YES;
				CLANG_ENABLE_OBJC_WEAK = YES;
				CLANG_WARN_BLOCK_CAPTURE_AUTORELEASING = YES;
				CLANG_WARN_BOOL_CONVERSION = YES;
				CLANG_WARN_COMMA = YES;
				CLANG_WARN_CONSTANT_CONVERSION = YES;
				CLANG_WARN_DEPRECATED_OBJC_IMPLEMENTATIONS = YES;
				CLANG_WARN_DIRECT_OBJC_ISA_USAGE = YES_ERROR;
				CLANG_WARN_DOCUMENTATION_COMMENTS = YES;
				CLANG_WARN_EMPTY_BODY = YES;
				CLANG_WARN_ENUM_CONVERSION = YES;
				CLANG_WARN_INFINITE_RECURSION = YES;
				CLANG_WARN_INT_CONVERSION = YES;
				CLANG_WARN_NON_LITERAL_NULL_CONVERSION = YES;
				CLANG_WARN_OBJC_IMPLICIT_RETAIN_SELF = YES;
				CLANG_WARN_OBJC_LITERAL_CONVERSION = YES;
				CLANG_WARN_OBJC_ROOT_CLASS = YES_ERROR;
				CLANG_WARN_QUOTED_INCLUDE_IN_FRAMEWORK_HEADER = YES;
				CLANG_WARN_RANGE_LOOP_ANALYSIS = YES;
				CLANG_WARN_STRICT_PROTOTYPES = YES;
				CLANG_WARN_SUSPICIOUS_MOVE = YES;
				CLANG_WARN_UNGUARDED_AVAILABILITY = YES_AGGRESSIVE;
				CLANG_WARN_UNREACHABLE_CODE = YES;
				CLANG_WARN__DUPLICATE_METHOD_MATCH = YES;
				COPY_PHASE_STRIP = NO;
				DEBUG_INFORMATION_FORMAT = dwarf;
				ENABLE_STRICT_OBJC_MSGSEND = YES;
				ENABLE_TESTABILITY = YES;
				GCC_C_LANGUAGE_STANDARD = gnu11;
				GCC_DYNAMIC_NO_PIC = NO;
				GCC_NO_COMMON_BLOCKS = YES;
				GCC_OPTIMIZATION_LEVEL = 0;
				GCC_PREPROCESSOR_DEFINITIONS = (
					"DEBUG=1",
					"$(inherited)",
				);
				GCC_WARN_64_TO_32_BIT_CONVERSION = YES;
				GCC_WARN_ABOUT_RETURN_TYPE = YES_ERROR;
				GCC_WARN_UNDECLARED_SELECTOR = YES;
				GCC_WARN_UNINITIALIZED_AUTOS = YES_AGGRESSIVE;
				GCC_WARN_UNUSED_FUNCTION = YES;
				GCC_WARN_UNUSED_VARIABLE = YES;
				IPHONEOS_DEPLOYMENT_TARGET = 15.0;
				MTL_ENABLE_DEBUG_INFO = INCLUDE_SOURCE;
				MTL_FAST_MATH = YES;
				ONLY_ACTIVE_ARCH = YES;
				SDKROOT = iphoneos;
				SWIFT_ACTIVE_COMPILATION_CONDITIONS = DEBUG;
				SWIFT_OPTIMIZATION_LEVEL = "-Onone";
			};
			name = Debug;
		};
		26164C8626DC141A007B6A9B /* Release */ = {
			isa = XCBuildConfiguration;
			buildSettings = {
				ALWAYS_SEARCH_USER_PATHS = NO;
				CLANG_ANALYZER_NONNULL = YES;
				CLANG_ANALYZER_NUMBER_OBJECT_CONVERSION = YES_AGGRESSIVE;
				CLANG_CXX_LANGUAGE_STANDARD = "gnu++17";
				CLANG_CXX_LIBRARY = "libc++";
				CLANG_ENABLE_MODULES = YES;
				CLANG_ENABLE_OBJC_ARC = YES;
				CLANG_ENABLE_OBJC_WEAK = YES;
				CLANG_WARN_BLOCK_CAPTURE_AUTORELEASING = YES;
				CLANG_WARN_BOOL_CONVERSION = YES;
				CLANG_WARN_COMMA = YES;
				CLANG_WARN_CONSTANT_CONVERSION = YES;
				CLANG_WARN_DEPRECATED_OBJC_IMPLEMENTATIONS = YES;
				CLANG_WARN_DIRECT_OBJC_ISA_USAGE = YES_ERROR;
				CLANG_WARN_DOCUMENTATION_COMMENTS = YES;
				CLANG_WARN_EMPTY_BODY = YES;
				CLANG_WARN_ENUM_CONVERSION = YES;
				CLANG_WARN_INFINITE_RECURSION = YES;
				CLANG_WARN_INT_CONVERSION = YES;
				CLANG_WARN_NON_LITERAL_NULL_CONVERSION = YES;
				CLANG_WARN_OBJC_IMPLICIT_RETAIN_SELF = YES;
				CLANG_WARN_OBJC_LITERAL_CONVERSION = YES;
				CLANG_WARN_OBJC_ROOT_CLASS = YES_ERROR;
				CLANG_WARN_QUOTED_INCLUDE_IN_FRAMEWORK_HEADER = YES;
				CLANG_WARN_RANGE_LOOP_ANALYSIS = YES;
				CLANG_WARN_STRICT_PROTOTYPES = YES;
				CLANG_WARN_SUSPICIOUS_MOVE = YES;
				CLANG_WARN_UNGUARDED_AVAILABILITY = YES_AGGRESSIVE;
				CLANG_WARN_UNREACHABLE_CODE = YES;
				CLANG_WARN__DUPLICATE_METHOD_MATCH = YES;
				COPY_PHASE_STRIP = NO;
				DEBUG_INFORMATION_FORMAT = "dwarf-with-dsym";
				ENABLE_NS_ASSERTIONS = NO;
				ENABLE_STRICT_OBJC_MSGSEND = YES;
				GCC_C_LANGUAGE_STANDARD = gnu11;
				GCC_NO_COMMON_BLOCKS = YES;
				GCC_WARN_64_TO_32_BIT_CONVERSION = YES;
				GCC_WARN_ABOUT_RETURN_TYPE = YES_ERROR;
				GCC_WARN_UNDECLARED_SELECTOR = YES;
				GCC_WARN_UNINITIALIZED_AUTOS = YES_AGGRESSIVE;
				GCC_WARN_UNUSED_FUNCTION = YES;
				GCC_WARN_UNUSED_VARIABLE = YES;
				IPHONEOS_DEPLOYMENT_TARGET = 15.0;
				MTL_ENABLE_DEBUG_INFO = NO;
				MTL_FAST_MATH = YES;
				SDKROOT = iphoneos;
				SWIFT_COMPILATION_MODE = wholemodule;
				SWIFT_OPTIMIZATION_LEVEL = "-O";
				VALIDATE_PRODUCT = YES;
			};
			name = Release;
		};
		26164C8826DC141A007B6A9B /* Debug */ = {
			isa = XCBuildConfiguration;
			buildSettings = {
				ASSETCATALOG_COMPILER_APPICON_NAME = AppIcon;
				ASSETCATALOG_COMPILER_GLOBAL_ACCENT_COLOR_NAME = AccentColor;
				CODE_SIGN_STYLE = Automatic;
				CURRENT_PROJECT_VERSION = 1;
				DEVELOPMENT_TEAM = A593Q49RYH;
				GENERATE_INFOPLIST_FILE = YES;
				INFOPLIST_FILE = "Data Structures/Info.plist";
				INFOPLIST_KEY_UIApplicationSupportsIndirectInputEvents = YES;
				INFOPLIST_KEY_UILaunchStoryboardName = LaunchScreen;
				INFOPLIST_KEY_UIMainStoryboardFile = Main;
				INFOPLIST_KEY_UISupportedInterfaceOrientations_iPad = "UIInterfaceOrientationPortrait UIInterfaceOrientationPortraitUpsideDown UIInterfaceOrientationLandscapeLeft UIInterfaceOrientationLandscapeRight";
				INFOPLIST_KEY_UISupportedInterfaceOrientations_iPhone = "UIInterfaceOrientationPortrait UIInterfaceOrientationLandscapeLeft UIInterfaceOrientationLandscapeRight";
				LD_RUNPATH_SEARCH_PATHS = (
					"$(inherited)",
					"@executable_path/Frameworks",
				);
				MARKETING_VERSION = 1.0;
				PRODUCT_BUNDLE_IDENTIFIER = "com.sarahselee.iosdev.Data-Structures";
				PRODUCT_NAME = "$(TARGET_NAME)";
				SWIFT_EMIT_LOC_STRINGS = YES;
				SWIFT_VERSION = 5.0;
				TARGETED_DEVICE_FAMILY = "1,2";
			};
			name = Debug;
		};
		26164C8926DC141A007B6A9B /* Release */ = {
			isa = XCBuildConfiguration;
			buildSettings = {
				ASSETCATALOG_COMPILER_APPICON_NAME = AppIcon;
				ASSETCATALOG_COMPILER_GLOBAL_ACCENT_COLOR_NAME = AccentColor;
				CODE_SIGN_STYLE = Automatic;
				CURRENT_PROJECT_VERSION = 1;
				DEVELOPMENT_TEAM = A593Q49RYH;
				GENERATE_INFOPLIST_FILE = YES;
				INFOPLIST_FILE = "Data Structures/Info.plist";
				INFOPLIST_KEY_UIApplicationSupportsIndirectInputEvents = YES;
				INFOPLIST_KEY_UILaunchStoryboardName = LaunchScreen;
				INFOPLIST_KEY_UIMainStoryboardFile = Main;
				INFOPLIST_KEY_UISupportedInterfaceOrientations_iPad = "UIInterfaceOrientationPortrait UIInterfaceOrientationPortraitUpsideDown UIInterfaceOrientationLandscapeLeft UIInterfaceOrientationLandscapeRight";
				INFOPLIST_KEY_UISupportedInterfaceOrientations_iPhone = "UIInterfaceOrientationPortrait UIInterfaceOrientationLandscapeLeft UIInterfaceOrientationLandscapeRight";
				LD_RUNPATH_SEARCH_PATHS = (
					"$(inherited)",
					"@executable_path/Frameworks",
				);
				MARKETING_VERSION = 1.0;
				PRODUCT_BUNDLE_IDENTIFIER = "com.sarahselee.iosdev.Data-Structures";
				PRODUCT_NAME = "$(TARGET_NAME)";
				SWIFT_EMIT_LOC_STRINGS = YES;
				SWIFT_VERSION = 5.0;
				TARGETED_DEVICE_FAMILY = "1,2";
			};
			name = Release;
		};
/* End XCBuildConfiguration section */

/* Begin XCConfigurationList section */
		26164C6E26DC1417007B6A9B /* Build configuration list for PBXProject "Data Structures" */ = {
			isa = XCConfigurationList;
			buildConfigurations = (
				26164C8526DC141A007B6A9B /* Debug */,
				26164C8626DC141A007B6A9B /* Release */,
			);
			defaultConfigurationIsVisible = 0;
			defaultConfigurationName = Release;
		};
		26164C8726DC141A007B6A9B /* Build configuration list for PBXNativeTarget "Data Structures" */ = {
			isa = XCConfigurationList;
			buildConfigurations = (
				26164C8826DC141A007B6A9B /* Debug */,
				26164C8926DC141A007B6A9B /* Release */,
			);
			defaultConfigurationIsVisible = 0;
			defaultConfigurationName = Release;
		};
/* End XCConfigurationList section */
	};
	rootObject = 26164C6B26DC1417007B6A9B /* Project object */;
}
